
Microsoft Visual Studio Solution File, Format Version 12.00
# Visual Studio Version 16
VisualStudioVersion = 16.0.31112.23
MinimumVisualStudioVersion = 10.0.40219.1
Project("{9A19103F-16F7-4668-BE54-9A1E7A4F7556}") = "RobotNav", "RobotNav\RobotNav.csproj", "{0673B937-0A1C-4AC8-8BAD-22BA6E4FA52E}"
EndProject
Global
	GlobalSection(SolutionConfigurationPlatforms) = preSolution
		Debug|Any CPU = Debug|Any CPU
		Release|Any CPU = Release|Any CPU
	EndGlobalSection
	GlobalSection(ProjectConfigurationPlatforms) = postSolution
		{0673B937-0A1C-4AC8-8BAD-22BA6E4FA52E}.Debug|Any CPU.ActiveCfg = Debug|Any CPU
		{0673B937-0A1C-4AC8-8BAD-22BA6E4FA52E}.Debug|Any CPU.Build.0 = Debug|Any CPU
		{0673B937-0A1C-4AC8-8BAD-22BA6E4FA52E}.Release|Any CPU.ActiveCfg = Release|Any CPU
		{0673B937-0A1C-4AC8-8BAD-22BA6E4FA52E}.Release|Any CPU.Build.0 = Release|Any CPU
	EndGlobalSection
	GlobalSection(SolutionProperties) = preSolution
		HideSolutionNode = FALSE
	EndGlobalSection
	GlobalSection(ExtensibilityGlobals) = postSolution
		SolutionGuid = {CD70F1E4-145E-4C76-BA93-F8B039454D7C}
	EndGlobalSection
EndGlobal
